
Microsoft Visual Studio Solution File, Format Version 12.00
# Visual Studio Version 16
VisualStudioVersion = 16.0.30907.101
MinimumVisualStudioVersion = 10.0.40219.1
Project("{FAE04EC0-301F-11D3-BF4B-00C04F79EFBC}") = "DZ_ADO", "DZ_ADO\DZ_ADO.csproj", "{1D38F2DD-04CF-416D-A5FF-53BE7FADE16D}"
EndProject
Global
	GlobalSection(SolutionConfigurationPlatforms) = preSolution
		Debug|Any CPU = Debug|Any CPU
		Release|Any CPU = Release|Any CPU
	EndGlobalSection
	GlobalSection(ProjectConfigurationPlatforms) = postSolution
		{1D38F2DD-04CF-416D-A5FF-53BE7FADE16D}.Debug|Any CPU.ActiveCfg = Debug|Any CPU
		{1D38F2DD-04CF-416D-A5FF-53BE7FADE16D}.Debug|Any CPU.Build.0 = Debug|Any CPU
		{1D38F2DD-04CF-416D-A5FF-53BE7FADE16D}.Release|Any CPU.ActiveCfg = Release|Any CPU
		{1D38F2DD-04CF-416D-A5FF-53BE7FADE16D}.Release|Any CPU.Build.0 = Release|Any CPU
	EndGlobalSection
	GlobalSection(SolutionProperties) = preSolution
		HideSolutionNode = FALSE
	EndGlobalSection
	GlobalSection(ExtensibilityGlobals) = postSolution
		SolutionGuid = {14C09E21-7690-4067-B8FC-0AB99BDDE2F0}
	EndGlobalSection
EndGlobal
